// !$*UTF8*$!
{
	archiveVersion = 1;
	classes = {
	};
	objectVersion = 77;
	objects = {

/* Begin PBXBuildFile section */
		63A8BD2730354A6E002D8E5F /* ComposableArchitecture in Frameworks */ = {isa = PBXBuildFile; productRef = 63A8BD2630354A6E002D8E5F /* ComposableArchitecture */; };
		63A8BE0030390000002D8E5F /* ShelferFinderSync.appex in Embed App Extensions */ = {isa = PBXBuildFile; fileRef = 63A8BE0230390000002D8E5F /* ShelferFinderSync.appex */; settings = {ATTRIBUTES = (RemoveHeadersOnCopy, ); }; };
/* End PBXBuildFile section */

/* Begin PBXContainerItemProxy section */
		63A8BC23302E9AD2002D8E5F /* PBXContainerItemProxy */ = {
			isa = PBXContainerItemProxy;
			containerPortal = 63A8BC0B302E9ACF002D8E5F /* Project object */;
			proxyType = 1;
			remoteGlobalIDString = 63A8BC12302E9ACF002D8E5F;
			remoteInfo = Shelfer;
		};
		63A8BC2D302E9AD2002D8E5F /* PBXContainerItemProxy */ = {
			isa = PBXContainerItemProxy;
			containerPortal = 63A8BC0B302E9ACF002D8E5F /* Project object */;
			proxyType = 1;
			remoteGlobalIDString = 63A8BC12302E9ACF002D8E5F;
			remoteInfo = Shelfer;
		};
		63A8BE0130390000002D8E5F /* PBXContainerItemProxy */ = {
			isa = PBXContainerItemProxy;
			containerPortal = 63A8BC0B302E9ACF002D8E5F /* Project object */;
			proxyType = 1;
			remoteGlobalIDString = 63A8BE0630390000002D8E5F;
			remoteInfo = ShelferFinderSync;
		};
/* End PBXContainerItemProxy section */

/* Begin PBXCopyFilesBuildPhase section */
		63A8BE0530390000002D8E5F /* Embed App Extensions */ = {
			isa = PBXCopyFilesBuildPhase;
			buildActionMask = 2147483647;
			dstPath = "";
			dstSubfolderSpec = 13;
			files = (
				63A8BE0030390000002D8E5F /* ShelferFinderSync.appex in Embed App Extensions */,
			);
			name = "Embed App Extensions";
			runOnlyForDeploymentPostprocessing = 0;
		};
/* End PBXCopyFilesBuildPhase section */

/* Begin PBXFileReference section */
		63A8BC13302E9ACF002D8E5F /* Shelfer.app */ = {isa = PBXFileReference; explicitFileType = wrapper.application; includeInIndex = 0; path = Shelfer.app; sourceTree = BUILT_PRODUCTS_DIR; };
		63A8BC22302E9AD2002D8E5F /* ShelferTests.xctest */ = {isa = PBXFileReference; explicitFileType = wrapper.cfbundle; includeInIndex = 0; path = ShelferTests.xctest; sourceTree = BUILT_PRODUCTS_DIR; };
		63A8BC2C302E9AD2002D8E5F /* ShelferUITests.xctest */ = {isa = PBXFileReference; explicitFileType = wrapper.cfbundle; includeInIndex = 0; path = ShelferUITests.xctest; sourceTree = BUILT_PRODUCTS_DIR; };
		63A8BE0230390000002D8E5F /* ShelferFinderSync.appex */ = {isa = PBXFileReference; explicitFileType = "wrapper.app-extension"; includeInIndex = 0; path = ShelferFinderSync.appex; sourceTree = BUILT_PRODUCTS_DIR; };
/* End PBXFileReference section */

/* Begin PBXFileSystemSynchronizedBuildFileExceptionSet section */
		63A8BE0D30390000002D8E5F /* Exceptions for "ShelferFinderSync" folder in "ShelferFinderSync" target */ = {
			isa = PBXFileSystemSynchronizedBuildFileExceptionSet;
			membershipExceptions = (
				Info.plist,
			);
			target = 63A8BE0630390000002D8E5F /* ShelferFinderSync */;
		};
/* End PBXFileSystemSynchronizedBuildFileExceptionSet section */

/* Begin PBXFileSystemSynchronizedRootGroup section */
		63A8BC15302E9ACF002D8E5F /* Shelfer */ = {
			isa = PBXFileSystemSynchronizedRootGroup;
			path = Shelfer;
			sourceTree = "<group>";
		};
		63A8BC25302E9AD2002D8E5F /* ShelferTests */ = {
			isa = PBXFileSystemSynchronizedRootGroup;
			path = ShelferTests;
			sourceTree = "<group>";
		};
		63A8BC2F302E9AD2002D8E5F /* ShelferUITests */ = {
			isa = PBXFileSystemSynchronizedRootGroup;
			path = ShelferUITests;
			sourceTree = "<group>";
		};
		63A8BE0330390000002D8E5F /* ShelferFinderSync */ = {
			isa = PBXFileSystemSynchronizedRootGroup;
			exceptions = (
				63A8BE0D30390000002D8E5F /* Exceptions for "ShelferFinderSync" folder in "ShelferFinderSync" target */,
			);
			path = ShelferFinderSync;
			sourceTree = "<group>";
		};
/* End PBXFileSystemSynchronizedRootGroup section */

/* Begin PBXFrameworksBuildPhase section */
		63A8BC10302E9ACF002D8E5F /* Frameworks */ = {
			isa = PBXFrameworksBuildPhase;
			buildActionMask = 2147483647;
			files = (
				63A8BD2730354A6E002D8E5F /* ComposableArchitecture in Frameworks */,
			);
			runOnlyForDeploymentPostprocessing = 0;
		};
		63A8BC1F302E9AD2002D8E5F /* Frameworks */ = {
			isa = PBXFrameworksBuildPhase;
			buildActionMask = 2147483647;
			files = (
			);
			runOnlyForDeploymentPostprocessing = 0;
		};
		63A8BC29302E9AD2002D8E5F /* Frameworks */ = {
			isa = PBXFrameworksBuildPhase;
			buildActionMask = 2147483647;
			files = (
			);
			runOnlyForDeploymentPostprocessing = 0;
		};
		63A8BE0430390000002D8E5F /* Frameworks */ = {
			isa = PBXFrameworksBuildPhase;
			buildActionMask = 2147483647;
			files = (
			);
			runOnlyForDeploymentPostprocessing = 0;
		};
/* End PBXFrameworksBuildPhase section */

/* Begin PBXGroup section */
		63A8BC0A302E9ACF002D8E5F = {
			isa = PBXGroup;
			children = (
				63A8BC15302E9ACF002D8E5F /* Shelfer */,
				63A8BE0330390000002D8E5F /* ShelferFinderSync */,
				63A8BC25302E9AD2002D8E5F /* ShelferTests */,
				63A8BC2F302E9AD2002D8E5F /* ShelferUITests */,
				63A8BC14302E9ACF002D8E5F /* Products */,
			);
			sourceTree = "<group>";
		};
		63A8BC14302E9ACF002D8E5F /* Products */ = {
			isa = PBXGroup;
			children = (
				63A8BC13302E9ACF002D8E5F /* Shelfer.app */,
				63A8BE0230390000002D8E5F /* ShelferFinderSync.appex */,
				63A8BC22302E9AD2002D8E5F /* ShelferTests.xctest */,
				63A8BC2C302E9AD2002D8E5F /* ShelferUITests.xctest */,
			);
			name = Products;
			sourceTree = "<group>";
		};
/* End PBXGroup section */

/* Begin PBXNativeTarget section */
		63A8BC12302E9ACF002D8E5F /* Shelfer */ = {
			isa = PBXNativeTarget;
			buildConfigurationList = 63A8BC36302E9AD2002D8E5F /* Build configuration list for PBXNativeTarget "Shelfer" */;
			buildPhases = (
				63A8BC0F302E9ACF002D8E5F /* Sources */,
				63A8BC10302E9ACF002D8E5F /* Frameworks */,
				63A8BC11302E9ACF002D8E5F /* Resources */,
				63A8BE0530390000002D8E5F /* Embed App Extensions */,
			);
			buildRules = (
			);
			dependencies = (
				63A8BE0930390000002D8E5F /* PBXTargetDependency */,
			);
			fileSystemSynchronizedGroups = (
				63A8BC15302E9ACF002D8E5F /* Shelfer */,
			);
			name = Shelfer;
			packageProductDependencies = (
				63A8BD2630354A6E002D8E5F /* ComposableArchitecture */,
			);
			productName = Shelfer;
			productReference = 63A8BC13302E9ACF002D8E5F /* Shelfer.app */;
			productType = "com.apple.product-type.application";
		};
		63A8BC21302E9AD2002D8E5F /* ShelferTests */ = {
			isa = PBXNativeTarget;
			buildConfigurationList = 63A8BC39302E9AD2002D8E5F /* Build configuration list for PBXNativeTarget "ShelferTests" */;
			buildPhases = (
				63A8BC1E302E9AD2002D8E5F /* Sources */,
				63A8BC1F302E9AD2002D8E5F /* Frameworks */,
				63A8BC20302E9AD2002D8E5F /* Resources */,
			);
			buildRules = (
			);
			dependencies = (
				63A8BC24302E9AD2002D8E5F /* PBXTargetDependency */,
			);
			fileSystemSynchronizedGroups = (
				63A8BC25302E9AD2002D8E5F /* ShelferTests */,
			);
			name = ShelferTests;
			packageProductDependencies = (
			);
			productName = ShelferTests;
			productReference = 63A8BC22302E9AD2002D8E5F /* ShelferTests.xctest */;
			productType = "com.apple.product-type.bundle.unit-test";
		};
		63A8BC2B302E9AD2002D8E5F /* ShelferUITests */ = {
			isa = PBXNativeTarget;
			buildConfigurationList = 63A8BC3C302E9AD2002D8E5F /* Build configuration list for PBXNativeTarget "ShelferUITests" */;
			buildPhases = (
				63A8BC28302E9AD2002D8E5F /* Sources */,
				63A8BC29302E9AD2002D8E5F /* Frameworks */,
				63A8BC2A302E9AD2002D8E5F /* Resources */,
			);
			buildRules = (
			);
			dependencies = (
				63A8BC2E302E9AD2002D8E5F /* PBXTargetDependency */,
			);
			fileSystemSynchronizedGroups = (
				63A8BC2F302E9AD2002D8E5F /* ShelferUITests */,
			);
			name = ShelferUITests;
			packageProductDependencies = (
			);
			productName = ShelferUITests;
			productReference = 63A8BC2C302E9AD2002D8E5F /* ShelferUITests.xctest */;
			productType = "com.apple.product-type.bundle.ui-testing";
		};
		63A8BE0630390000002D8E5F /* ShelferFinderSync */ = {
			isa = PBXNativeTarget;
			buildConfigurationList = 63A8BE0C30390000002D8E5F /* Build configuration list for PBXNativeTarget "ShelferFinderSync" */;
			buildPhases = (
				63A8BE0830390000002D8E5F /* Sources */,
				63A8BE0430390000002D8E5F /* Frameworks */,
				63A8BE0730390000002D8E5F /* Resources */,
			);
			buildRules = (
			);
			dependencies = (
			);
			fileSystemSynchronizedGroups = (
				63A8BE0330390000002D8E5F /* ShelferFinderSync */,
			);
			name = ShelferFinderSync;
			packageProductDependencies = (
			);
			productName = ShelferFinderSync;
			productReference = 63A8BE0230390000002D8E5F /* ShelferFinderSync.appex */;
			productType = "com.apple.product-type.app-extension";
		};
/* End PBXNativeTarget section */

/* Begin PBXProject section */
		63A8BC0B302E9ACF002D8E5F /* Project object */ = {
			isa = PBXProject;
			attributes = {
				BuildIndependentTargetsInParallel = 1;
				LastSwiftUpdateCheck = 2660;
				LastUpgradeCheck = 2660;
				TargetAttributes = {
					63A8BC12302E9ACF002D8E5F = {
						CreatedOnToolsVersion = 26.6;
					};
					63A8BC21302E9AD2002D8E5F = {
						CreatedOnToolsVersion = 26.6;
						TestTargetID = 63A8BC12302E9ACF002D8E5F;
					};
					63A8BC2B302E9AD2002D8E5F = {
						CreatedOnToolsVersion = 26.6;
						TestTargetID = 63A8BC12302E9ACF002D8E5F;
					};
					63A8BE0630390000002D8E5F = {
						CreatedOnToolsVersion = 26.6;
					};
				};
			};
			buildConfigurationList = 63A8BC0E302E9ACF002D8E5F /* Build configuration list for PBXProject "Shelfer" */;
			developmentRegion = en;
			hasScannedForEncodings = 0;
			knownRegions = (
				en,
				Base,
			);
			mainGroup = 63A8BC0A302E9ACF002D8E5F;
			minimizedProjectReferenceProxies = 1;
			packageReferences = (
				63A8BD2530354A6E002D8E5F /* XCRemoteSwiftPackageReference "swift-composable-architecture" */,
			);
			preferredProjectObjectVersion = 77;
			productRefGroup = 63A8BC14302E9ACF002D8E5F /* Products */;
			projectDirPath = "";
			projectRoot = "";
			targets = (
				63A8BC12302E9ACF002D8E5F /* Shelfer */,
				63A8BE0630390000002D8E5F /* ShelferFinderSync */,
				63A8BC21302E9AD2002D8E5F /* ShelferTests */,
				63A8BC2B302E9AD2002D8E5F /* ShelferUITests */,
			);
		};
/* End PBXProject section */

/* Begin PBXResourcesBuildPhase section */
		63A8BC11302E9ACF002D8E5F /* Resources */ = {
			isa = PBXResourcesBuildPhase;
			buildActionMask = 2147483647;
			files = (
			);
			runOnlyForDeploymentPostprocessing = 0;
		};
		63A8BC20302E9AD2002D8E5F /* Resources */ = {
			isa = PBXResourcesBuildPhase;
			buildActionMask = 2147483647;
			files = (
			);
			runOnlyForDeploymentPostprocessing = 0;
		};
		63A8BC2A302E9AD2002D8E5F /* Resources */ = {
			isa = PBXResourcesBuildPhase;
			buildActionMask = 2147483647;
			files = (
			);
			runOnlyForDeploymentPostprocessing = 0;
		};
		63A8BE0730390000002D8E5F /* Resources */ = {
			isa = PBXResourcesBuildPhase;
			buildActionMask = 2147483647;
			files = (
			);
			runOnlyForDeploymentPostprocessing = 0;
		};
/* End PBXResourcesBuildPhase section */

/* Begin PBXSourcesBuildPhase section */
		63A8BC0F302E9ACF002D8E5F /* Sources */ = {
			isa = PBXSourcesBuildPhase;
			buildActionMask = 2147483647;
			files = (
			);
			runOnlyForDeploymentPostprocessing = 0;
		};
		63A8BC1E302E9AD2002D8E5F /* Sources */ = {
			isa = PBXSourcesBuildPhase;
			buildActionMask = 2147483647;
			files = (
			);
			runOnlyForDeploymentPostprocessing = 0;
		};
		63A8BC28302E9AD2002D8E5F /* Sources */ = {
			isa = PBXSourcesBuildPhase;
			buildActionMask = 2147483647;
			files = (
			);
			runOnlyForDeploymentPostprocessing = 0;
		};
		63A8BE0830390000002D8E5F /* Sources */ = {
			isa = PBXSourcesBuildPhase;
			buildActionMask = 2147483647;
			files = (
			);
			runOnlyForDeploymentPostprocessing = 0;
		};
/* End PBXSourcesBuildPhase section */

/* Begin PBXTargetDependency section */
		63A8BC24302E9AD2002D8E5F /* PBXTargetDependency */ = {
			isa = PBXTargetDependency;
			target = 63A8BC12302E9ACF002D8E5F /* Shelfer */;
			targetProxy = 63A8BC23302E9AD2002D8E5F /* PBXContainerItemProxy */;
		};
		63A8BC2E302E9AD2002D8E5F /* PBXTargetDependency */ = {
			isa = PBXTargetDependency;
			target = 63A8BC12302E9ACF002D8E5F /* Shelfer */;
			targetProxy = 63A8BC2D302E9AD2002D8E5F /* PBXContainerItemProxy */;
		};
		63A8BE0930390000002D8E5F /* PBXTargetDependency */ = {
			isa = PBXTargetDependency;
			target = 63A8BE0630390000002D8E5F /* ShelferFinderSync */;
			targetProxy = 63A8BE0130390000002D8E5F /* PBXContainerItemProxy */;
		};
/* End PBXTargetDependency section */

/* Begin XCBuildConfiguration section */
		63A8BC34302E9AD2002D8E5F /* Debug */ = {
			isa = XCBuildConfiguration;
			buildSettings = {
				ALWAYS_SEARCH_USER_PATHS = NO;
				ASSETCATALOG_COMPILER_GENERATE_SWIFT_ASSET_SYMBOL_EXTENSIONS = YES;
				CLANG_ANALYZER_NONNULL = YES;
				CLANG_ANALYZER_NUMBER_OBJECT_CONVERSION = YES_AGGRESSIVE;
				CLANG_CXX_LANGUAGE_STANDARD = "gnu++20";
				CLANG_ENABLE_MODULES = YES;
				CLANG_ENABLE_OBJC_ARC = YES;
				CLANG_ENABLE_OBJC_WEAK = YES;
				CLANG_WARN_BLOCK_CAPTURE_AUTORELEASING = YES;
				CLANG_WARN_BOOL_CONVERSION = YES;
				CLANG_WARN_COMMA = YES;
				CLANG_WARN_CONSTANT_CONVERSION = YES;
				CLANG_WARN_DEPRECATED_OBJC_IMPLEMENTATIONS = YES;
				CLANG_WARN_DIRECT_OBJC_ISA_USAGE = YES_ERROR;
				CLANG_WARN_DOCUMENTATION_COMMENTS = YES;
				CLANG_WARN_EMPTY_BODY = YES;
				CLANG_WARN_ENUM_CONVERSION = YES;
				CLANG_WARN_INFINITE_RECURSION = YES;
				CLANG_WARN_INT_CONVERSION = YES;
				CLANG_WARN_NON_LITERAL_NULL_CONVERSION = YES;
				CLANG_WARN_OBJC_IMPLICIT_RETAIN_SELF = YES;
				CLANG_WARN_OBJC_LITERAL_CONVERSION = YES;
				CLANG_WARN_OBJC_ROOT_CLASS = YES_ERROR;
				CLANG_WARN_QUOTED_INCLUDE_IN_FRAMEWORK_HEADER = YES;
				CLANG_WARN_RANGE_LOOP_ANALYSIS = YES;
				CLANG_WARN_STRICT_PROTOTYPES = YES;
				CLANG_WARN_SUSPICIOUS_MOVE = YES;
				CLANG_WARN_UNGUARDED_AVAILABILITY = YES_AGGRESSIVE;
				CLANG_WARN_UNREACHABLE_CODE = YES;
				CLANG_WARN__DUPLICATE_METHOD_MATCH = YES;
				COPY_PHASE_STRIP = NO;
				DEBUG_INFORMATION_FORMAT = dwarf;
				DEVELOPMENT_TEAM = GHGPAZGBBT;
				ENABLE_STRICT_OBJC_MSGSEND = YES;
				ENABLE_TESTABILITY = YES;
				ENABLE_USER_SCRIPT_SANDBOXING = YES;
				GCC_C_LANGUAGE_STANDARD = gnu17;
				GCC_DYNAMIC_NO_PIC = NO;
				GCC_NO_COMMON_BLOCKS = YES;
				GCC_OPTIMIZATION_LEVEL = 0;
				GCC_PREPROCESSOR_DEFINITIONS = (
					"DEBUG=1",
					"$(inherited)",
				);
				GCC_WARN_64_TO_32_BIT_CONVERSION = YES;
				GCC_WARN_ABOUT_RETURN_TYPE = YES_ERROR;
				GCC_WARN_UNDECLARED_SELECTOR = YES;
				GCC_WARN_UNINITIALIZED_AUTOS = YES_AGGRESSIVE;
				GCC_WARN_UNUSED_FUNCTION = YES;
				GCC_WARN_UNUSED_VARIABLE = YES;
				LOCALIZATION_PREFERS_STRING_CATALOGS = YES;
				MACOSX_DEPLOYMENT_TARGET = 26.0;
				MTL_ENABLE_DEBUG_INFO = INCLUDE_SOURCE;
				MTL_FAST_MATH = YES;
				ONLY_ACTIVE_ARCH = YES;
				SDKROOT = macosx;
				SWIFT_ACTIVE_COMPILATION_CONDITIONS = "DEBUG $(inherited)";
				SWIFT_OPTIMIZATION_LEVEL = "-Onone";
			};
			name = Debug;
		};
		63A8BC35302E9AD2002D8E5F /* Release */ = {
			isa = XCBuildConfiguration;
			buildSettings = {
				ALWAYS_SEARCH_USER_PATHS = NO;
				ASSETCATALOG_COMPILER_GENERATE_SWIFT_ASSET_SYMBOL_EXTENSIONS = YES;
				CLANG_ANALYZER_NONNULL = YES;
				CLANG_ANALYZER_NUMBER_OBJECT_CONVERSION = YES_AGGRESSIVE;
				CLANG_CXX_LANGUAGE_STANDARD = "gnu++20";
				CLANG_ENABLE_MODULES = YES;
				CLANG_ENABLE_OBJC_ARC = YES;
				CLANG_ENABLE_OBJC_WEAK = YES;
				CLANG_WARN_BLOCK_CAPTURE_AUTORELEASING = YES;
				CLANG_WARN_BOOL_CONVERSION = YES;
				CLANG_WARN_COMMA = YES;
				CLANG_WARN_CONSTANT_CONVERSION = YES;
				CLANG_WARN_DEPRECATED_OBJC_IMPLEMENTATIONS = YES;
				CLANG_WARN_DIRECT_OBJC_ISA_USAGE = YES_ERROR;
				CLANG_WARN_DOCUMENTATION_COMMENTS = YES;
				CLANG_WARN_EMPTY_BODY = YES;
				CLANG_WARN_ENUM_CONVERSION = YES;
				CLANG_WARN_INFINITE_RECURSION = YES;
				CLANG_WARN_INT_CONVERSION = YES;
				CLANG_WARN_NON_LITERAL_NULL_CONVERSION = YES;
				CLANG_WARN_OBJC_IMPLICIT_RETAIN_SELF = YES;
				CLANG_WARN_OBJC_LITERAL_CONVERSION = YES;
				CLANG_WARN_OBJC_ROOT_CLASS = YES_ERROR;
				CLANG_WARN_QUOTED_INCLUDE_IN_FRAMEWORK_HEADER = YES;
				CLANG_WARN_RANGE_LOOP_ANALYSIS = YES;
				CLANG_WARN_STRICT_PROTOTYPES = YES;
				CLANG_WARN_SUSPICIOUS_MOVE = YES;
				CLANG_WARN_UNGUARDED_AVAILABILITY = YES_AGGRESSIVE;
				CLANG_WARN_UNREACHABLE_CODE = YES;
				CLANG_WARN__DUPLICATE_METHOD_MATCH = YES;
				COPY_PHASE_STRIP = NO;
				DEBUG_INFORMATION_FORMAT = "dwarf-with-dsym";
				DEVELOPMENT_TEAM = GHGPAZGBBT;
				ENABLE_CODE_COVERAGE = NO;
				ENABLE_NS_ASSERTIONS = NO;
				ENABLE_STRICT_OBJC_MSGSEND = YES;
				ENABLE_USER_SCRIPT_SANDBOXING = YES;
				GCC_C_LANGUAGE_STANDARD = gnu17;
				GCC_NO_COMMON_BLOCKS = YES;
				GCC_WARN_64_TO_32_BIT_CONVERSION = YES;
				GCC_WARN_ABOUT_RETURN_TYPE = YES_ERROR;
				GCC_WARN_UNDECLARED_SELECTOR = YES;
				GCC_WARN_UNINITIALIZED_AUTOS = YES_AGGRESSIVE;
				GCC_WARN_UNUSED_FUNCTION = YES;
				GCC_WARN_UNUSED_VARIABLE = YES;
				LOCALIZATION_PREFERS_STRING_CATALOGS = YES;
				MACOSX_DEPLOYMENT_TARGET = 26.0;
				MTL_ENABLE_DEBUG_INFO = NO;
				MTL_FAST_MATH = YES;
				SDKROOT = macosx;
				SWIFT_COMPILATION_MODE = wholemodule;
				VALIDATE_PRODUCT = YES;
			};
			name = Release;
		};
		63A8BC37302E9AD2002D8E5F /* Debug */ = {
			isa = XCBuildConfiguration;
			buildSettings = {
				ASSETCATALOG_COMPILER_APPICON_NAME = AppIcon;
				ASSETCATALOG_COMPILER_GLOBAL_ACCENT_COLOR_NAME = AccentColor;
				CODE_SIGN_ENTITLEMENTS = Shelfer/Shelfer.entitlements;
				CODE_SIGN_STYLE = Automatic;
				COMBINE_HIDPI_IMAGES = YES;
				CURRENT_PROJECT_VERSION = 1;
				DEVELOPMENT_TEAM = GHGPAZGBBT;
				ENABLE_HARDENED_RUNTIME = YES;
				ENABLE_PREVIEWS = YES;
				GENERATE_INFOPLIST_FILE = NO;
				INFOPLIST_FILE = "Shelfer-Info.plist";
				LD_RUNPATH_SEARCH_PATHS = (
					"$(inherited)",
					"@executable_path/../Frameworks",
				);
				MARKETING_VERSION = 1.0;
				PRODUCT_BUNDLE_IDENTIFIER = shelfer.com.Shelfer;
				PRODUCT_NAME = "$(TARGET_NAME)";
				STRING_CATALOG_GENERATE_SYMBOLS = YES;
				SWIFT_APPROACHABLE_CONCURRENCY = YES;
				SWIFT_DEFAULT_ACTOR_ISOLATION = MainActor;
				SWIFT_EMIT_LOC_STRINGS = YES;
				SWIFT_UPCOMING_FEATURE_MEMBER_IMPORT_VISIBILITY = YES;
				SWIFT_VERSION = 5.0;
			};
			name = Debug;
		};
		63A8BC38302E9AD2002D8E5F /* Release */ = {
			isa = XCBuildConfiguration;
			buildSettings = {
				ASSETCATALOG_COMPILER_APPICON_NAME = AppIcon;
				ASSETCATALOG_COMPILER_GLOBAL_ACCENT_COLOR_NAME = AccentColor;
				CODE_SIGN_ENTITLEMENTS = Shelfer/Shelfer.entitlements;
				CODE_SIGN_STYLE = Automatic;
				COMBINE_HIDPI_IMAGES = YES;
				CURRENT_PROJECT_VERSION = 1;
				DEVELOPMENT_TEAM = GHGPAZGBBT;
				ENABLE_HARDENED_RUNTIME = YES;
				ENABLE_PREVIEWS = YES;
				GENERATE_INFOPLIST_FILE = NO;
				INFOPLIST_FILE = "Shelfer-Info.plist";
				LD_RUNPATH_SEARCH_PATHS = (
					"$(inherited)",
					"@executable_path/../Frameworks",
				);
				MARKETING_VERSION = 1.0;
				PRODUCT_BUNDLE_IDENTIFIER = shelfer.com.Shelfer;
				PRODUCT_NAME = "$(TARGET_NAME)";
				STRING_CATALOG_GENERATE_SYMBOLS = YES;
				SWIFT_APPROACHABLE_CONCURRENCY = YES;
				SWIFT_DEFAULT_ACTOR_ISOLATION = MainActor;
				SWIFT_EMIT_LOC_STRINGS = YES;
				SWIFT_UPCOMING_FEATURE_MEMBER_IMPORT_VISIBILITY = YES;
				SWIFT_VERSION = 5.0;
			};
			name = Release;
		};
		63A8BC3A302E9AD2002D8E5F /* Debug */ = {
			isa = XCBuildConfiguration;
			buildSettings = {
				BUNDLE_LOADER = "$(TEST_HOST)";
				CODE_SIGN_STYLE = Automatic;
				CURRENT_PROJECT_VERSION = 1;
				DEVELOPMENT_TEAM = GHGPAZGBBT;
				GENERATE_INFOPLIST_FILE = YES;
				MARKETING_VERSION = 1.0;
				PRODUCT_BUNDLE_IDENTIFIER = siboya.com.ShelferTests;
				PRODUCT_NAME = "$(TARGET_NAME)";
				STRING_CATALOG_GENERATE_SYMBOLS = NO;
				SWIFT_APPROACHABLE_CONCURRENCY = YES;
				SWIFT_EMIT_LOC_STRINGS = NO;
				SWIFT_UPCOMING_FEATURE_MEMBER_IMPORT_VISIBILITY = YES;
				SWIFT_VERSION = 5.0;
				TEST_HOST = "$(BUILT_PRODUCTS_DIR)/Shelfer.app/$(BUNDLE_EXECUTABLE_FOLDER_PATH)/Shelfer";
			};
			name = Debug;
		};
		63A8BC3B302E9AD2002D8E5F /* Release */ = {
			isa = XCBuildConfiguration;
			buildSettings = {
				BUNDLE_LOADER = "$(TEST_HOST)";
				CODE_SIGN_STYLE = Automatic;
				CURRENT_PROJECT_VERSION = 1;
				DEVELOPMENT_TEAM = GHGPAZGBBT;
				GENERATE_INFOPLIST_FILE = YES;
				MARKETING_VERSION = 1.0;
				PRODUCT_BUNDLE_IDENTIFIER = siboya.com.ShelferTests;
				PRODUCT_NAME = "$(TARGET_NAME)";
				STRING_CATALOG_GENERATE_SYMBOLS = NO;
				SWIFT_APPROACHABLE_CONCURRENCY = YES;
				SWIFT_EMIT_LOC_STRINGS = NO;
				SWIFT_UPCOMING_FEATURE_MEMBER_IMPORT_VISIBILITY = YES;
				SWIFT_VERSION = 5.0;
				TEST_HOST = "$(BUILT_PRODUCTS_DIR)/Shelfer.app/$(BUNDLE_EXECUTABLE_FOLDER_PATH)/Shelfer";
			};
			name = Release;
		};
		63A8BC3D302E9AD2002D8E5F /* Debug */ = {
			isa = XCBuildConfiguration;
			buildSettings = {
				CODE_SIGN_STYLE = Automatic;
				CURRENT_PROJECT_VERSION = 1;
				DEVELOPMENT_TEAM = GHGPAZGBBT;
				GENERATE_INFOPLIST_FILE = YES;
				MARKETING_VERSION = 1.0;
				PRODUCT_BUNDLE_IDENTIFIER = siboya.com.ShelferUITests;
				PRODUCT_NAME = "$(TARGET_NAME)";
				STRING_CATALOG_GENERATE_SYMBOLS = NO;
				SWIFT_APPROACHABLE_CONCURRENCY = YES;
				SWIFT_EMIT_LOC_STRINGS = NO;
				SWIFT_UPCOMING_FEATURE_MEMBER_IMPORT_VISIBILITY = YES;
				SWIFT_VERSION = 5.0;
				TEST_TARGET_NAME = Shelfer;
			};
			name = Debug;
		};
		63A8BC3E302E9AD2002D8E5F /* Release */ = {
			isa = XCBuildConfiguration;
			buildSettings = {
				CODE_SIGN_STYLE = Automatic;
				CURRENT_PROJECT_VERSION = 1;
				DEVELOPMENT_TEAM = GHGPAZGBBT;
				GENERATE_INFOPLIST_FILE = YES;
				MARKETING_VERSION = 1.0;
				PRODUCT_BUNDLE_IDENTIFIER = siboya.com.ShelferUITests;
				PRODUCT_NAME = "$(TARGET_NAME)";
				STRING_CATALOG_GENERATE_SYMBOLS = NO;
				SWIFT_APPROACHABLE_CONCURRENCY = YES;
				SWIFT_EMIT_LOC_STRINGS = NO;
				SWIFT_UPCOMING_FEATURE_MEMBER_IMPORT_VISIBILITY = YES;
				SWIFT_VERSION = 5.0;
				TEST_TARGET_NAME = Shelfer;
			};
			name = Release;
		};
		63A8BE0A30390000002D8E5F /* Debug */ = {
			isa = XCBuildConfiguration;
			buildSettings = {
				APPLICATION_EXTENSION_API_ONLY = YES;
				CODE_SIGN_ENTITLEMENTS = ShelferFinderSync/ShelferFinderSync.entitlements;
				CODE_SIGN_STYLE = Automatic;
				CURRENT_PROJECT_VERSION = 1;
				DEVELOPMENT_TEAM = GHGPAZGBBT;
				GENERATE_INFOPLIST_FILE = NO;
				INFOPLIST_FILE = ShelferFinderSync/Info.plist;
				LD_RUNPATH_SEARCH_PATHS = (
					"$(inherited)",
					"@executable_path/../Frameworks",
					"@executable_path/../../../../Frameworks",
				);
				MARKETING_VERSION = 1.0;
				PRODUCT_BUNDLE_IDENTIFIER = shelfer.com.Shelfer.FinderSync;
				PRODUCT_NAME = "$(TARGET_NAME)";
				SKIP_INSTALL = YES;
				SWIFT_APPROACHABLE_CONCURRENCY = YES;
				SWIFT_DEFAULT_ACTOR_ISOLATION = nonisolated;
				SWIFT_EMIT_LOC_STRINGS = YES;
				SWIFT_UPCOMING_FEATURE_MEMBER_IMPORT_VISIBILITY = YES;
				SWIFT_VERSION = 6.0;
			};
			name = Debug;
		};
		63A8BE0B30390000002D8E5F /* Release */ = {
			isa = XCBuildConfiguration;
			buildSettings = {
				APPLICATION_EXTENSION_API_ONLY = YES;
				CODE_SIGN_ENTITLEMENTS = ShelferFinderSync/ShelferFinderSync.entitlements;
				CODE_SIGN_STYLE = Automatic;
				CURRENT_PROJECT_VERSION = 1;
				DEVELOPMENT_TEAM = GHGPAZGBBT;
				GENERATE_INFOPLIST_FILE = NO;
				INFOPLIST_FILE = ShelferFinderSync/Info.plist;
				LD_RUNPATH_SEARCH_PATHS = (
					"$(inherited)",
					"@executable_path/../Frameworks",
					"@executable_path/../../../../Frameworks",
				);
				MARKETING_VERSION = 1.0;
				PRODUCT_BUNDLE_IDENTIFIER = shelfer.com.Shelfer.FinderSync;
				PRODUCT_NAME = "$(TARGET_NAME)";
				SKIP_INSTALL = YES;
				SWIFT_APPROACHABLE_CONCURRENCY = YES;
				SWIFT_DEFAULT_ACTOR_ISOLATION = nonisolated;
				SWIFT_EMIT_LOC_STRINGS = YES;
				SWIFT_UPCOMING_FEATURE_MEMBER_IMPORT_VISIBILITY = YES;
				SWIFT_VERSION = 6.0;
			};
			name = Release;
		};
/* End XCBuildConfiguration section */

/* Begin XCConfigurationList section */
		63A8BC0E302E9ACF002D8E5F /* Build configuration list for PBXProject "Shelfer" */ = {
			isa = XCConfigurationList;
			buildConfigurations = (
				63A8BC34302E9AD2002D8E5F /* Debug */,
				63A8BC35302E9AD2002D8E5F /* Release */,
			);
			defaultConfigurationIsVisible = 0;
			defaultConfigurationName = Release;
		};
		63A8BC36302E9AD2002D8E5F /* Build configuration list for PBXNativeTarget "Shelfer" */ = {
			isa = XCConfigurationList;
			buildConfigurations = (
				63A8BC37302E9AD2002D8E5F /* Debug */,
				63A8BC38302E9AD2002D8E5F /* Release */,
			);
			defaultConfigurationIsVisible = 0;
			defaultConfigurationName = Release;
		};
		63A8BC39302E9AD2002D8E5F /* Build configuration list for PBXNativeTarget "ShelferTests" */ = {
			isa = XCConfigurationList;
			buildConfigurations = (
				63A8BC3A302E9AD2002D8E5F /* Debug */,
				63A8BC3B302E9AD2002D8E5F /* Release */,
			);
			defaultConfigurationIsVisible = 0;
			defaultConfigurationName = Release;
		};
		63A8BC3C302E9AD2002D8E5F /* Build configuration list for PBXNativeTarget "ShelferUITests" */ = {
			isa = XCConfigurationList;
			buildConfigurations = (
				63A8BC3D302E9AD2002D8E5F /* Debug */,
				63A8BC3E302E9AD2002D8E5F /* Release */,
			);
			defaultConfigurationIsVisible = 0;
			defaultConfigurationName = Release;
		};
		63A8BE0C30390000002D8E5F /* Build configuration list for PBXNativeTarget "ShelferFinderSync" */ = {
			isa = XCConfigurationList;
			buildConfigurations = (
				63A8BE0A30390000002D8E5F /* Debug */,
				63A8BE0B30390000002D8E5F /* Release */,
			);
			defaultConfigurationIsVisible = 0;
			defaultConfigurationName = Release;
		};
/* End XCConfigurationList section */

/* Begin XCRemoteSwiftPackageReference section */
		63A8BD2530354A6E002D8E5F /* XCRemoteSwiftPackageReference "swift-composable-architecture" */ = {
			isa = XCRemoteSwiftPackageReference;
			repositoryURL = "https://github.com/pointfreeco/swift-composable-architecture";
			requirement = {
				kind = upToNextMajorVersion;
				minimumVersion = 1.26.1;
			};
		};
/* End XCRemoteSwiftPackageReference section */

/* Begin XCSwiftPackageProductDependency section */
		63A8BD2630354A6E002D8E5F /* ComposableArchitecture */ = {
			isa = XCSwiftPackageProductDependency;
			package = 63A8BD2530354A6E002D8E5F /* XCRemoteSwiftPackageReference "swift-composable-architecture" */;
			productName = ComposableArchitecture;
		};
/* End XCSwiftPackageProductDependency section */
	};
	rootObject = 63A8BC0B302E9ACF002D8E5F /* Project object */;
}
